{
  "name": "libav-project",
  "lockfileVersion": 3,
  "requires": true,
  "packages": {
    "": {
      "dependencies": {
        "@libav.js/variant-webm-vp9": "^5.4.6"
      }
    },
    "node_modules/@libav.js/variant-webm-vp9": {
      "version": "5.4.6",
      "resolved": "https://registry.npmjs.org/@libav.js/variant-webm-vp9/-/variant-webm-vp9-5.4.6.tgz",
      "integrity": "sha512-LmuSAfSImpdhFJYXvXULzvzHdn4LhWAkrapSFK5YdHfB1W3xXOzonj7NZkoswl5YE/trk7UjBGT1KhJaWM9Yxw=="
    }
  }
}
